{
  "version": 4,
  "terraform_version": "1.12.2",
  "serial": 422,
  "lineage": "489ff826-f8ec-7343-22d7-72400067c1b1",
  "outputs": {},
  "resources": [
    {
      "mode": "managed",
      "type": "aws_alb",
      "name": "backend",
      "provider": "provider[\"registry.terraform.io/hashicorp/aws\"]",
      "instances": [
        {
          "schema_version": 0,
          "attributes": {
            "access_logs": [
              {
                "bucket": "",
                "enabled": false,
                "prefix": ""
              }
            ],
            "arn": "arn:aws:elasticloadbalancing:ap-southeast-1:677276121580:loadbalancer/app/adidas-backend-alb/34c0d5b90b113d2f",
            "arn_suffix": "app/adidas-backend-alb/34c0d5b90b113d2f",
            "customer_owned_ipv4_pool": "",
            "desync_mitigation_mode": "defensive",
            "dns_name": "internal-adidas-backend-alb-1183662551.ap-southeast-1.elb.amazonaws.com",
            "drop_invalid_header_fields": false,
            "enable_cross_zone_load_balancing": true,
            "enable_deletion_protection": false,
            "enable_http2": true,
            "enable_waf_fail_open": false,
            "id": "arn:aws:elasticloadbalancing:ap-southeast-1:677276121580:loadbalancer/app/adidas-backend-alb/34c0d5b90b113d2f",
            "idle_timeout": 60,
            "internal": true,
            "ip_address_type": "ipv4",
            "load_balancer_type": "application",
            "name": "adidas-backend-alb",
            "name_prefix": null,
            "security_groups": [
              "sg-0d9bcf86a713db2ff"
            ],
            "subnet_mapping": [
              {
                "allocation_id": "",
                "ipv6_address": "",
                "outpost_id": "",
                "private_ipv4_address": "",
                "subnet_id": "subnet-02685e2f9c310763a"
              },
              {
                "allocation_id": "",
                "ipv6_address": "",
                "outpost_id": "",
                "private_ipv4_address": "",
                "subnet_id": "subnet-04aac59adfe98fda1"
              }
            ],
            "subnets": [
              "subnet-02685e2f9c310763a",
              "subnet-04aac59adfe98fda1"
            ],
            "tags": {
              "Name": "adidas-backend-alb"
            },
            "tags_all": {
              "Name": "adidas-backend-alb"
            },
            "timeouts": null,
            "vpc_id": "vpc-097baa390882730c8",
            "zone_id": "Z1LMS91P8CMLE5"
          },
          "sensitive_attributes": [],
          "identity_schema_version": 0,
          "private": "eyJlMmJmYjczMC1lY2FhLTExZTYtOGY4OC0zNDM2M2JjN2M0YzAiOnsiY3JlYXRlIjo2MDAwMDAwMDAwMDAsImRlbGV0ZSI6NjAwMDAwMDAwMDAwLCJ1cGRhdGUiOjYwMDAwMDAwMDAwMH19",
          "dependencies": [
            "aws_security_group.adidas_elb_sg_backend",
            "aws_security_group.adidas_elb_sg_frontend",
            "aws_subnet.private_subnet_1",
            "aws_subnet.private_subnet_2",
            "aws_vpc.adidas_vpc"
          ]
        }
      ]
    },
    {
      "mode": "managed",
      "type": "aws_alb",
      "name": "frontend",
      "provider": "provider[\"registry.terraform.io/hashicorp/aws\"]",
      "instances": [
        {
          "schema_version": 0,
          "attributes": {
            "access_logs": [
              {
                "bucket": "",
                "enabled": false,
                "prefix": ""
              }
            ],
            "arn": "arn:aws:elasticloadbalancing:ap-southeast-1:677276121580:loadbalancer/app/adidas-frontend-alb/9ac521fc63b4c287",
            "arn_suffix": "app/adidas-frontend-alb/9ac521fc63b4c287",
            "customer_owned_ipv4_pool": "",
            "desync_mitigation_mode": "defensive",
            "dns_name": "adidas-frontend-alb-21238939.ap-southeast-1.elb.amazonaws.com",
            "drop_invalid_header_fields": false,
            "enable_cross_zone_load_balancing": true,
            "enable_deletion_protection": false,
            "enable_http2": true,
            "enable_waf_fail_open": false,
            "id": "arn:aws:elasticloadbalancing:ap-southeast-1:677276121580:loadbalancer/app/adidas-frontend-alb/9ac521fc63b4c287",
            "idle_timeout": 60,
            "internal": false,
            "ip_address_type": "ipv4",
            "load_balancer_type": "application",
            "name": "adidas-frontend-alb",
            "name_prefix": null,
            "security_groups": [
              "sg-065cb8a77eb07cc98"
            ],
            "subnet_mapping": [
              {
                "allocation_id": "",
                "ipv6_address": "",
                "outpost_id": "",
                "private_ipv4_address": "",
                "subnet_id": "subnet-03447f6866bce8872"
              },
              {
                "allocation_id": "",
                "ipv6_address": "",
                "outpost_id": "",
                "private_ipv4_address": "",
                "subnet_id": "subnet-0b0ff98cd52e24c6f"
              }
            ],
            "subnets": [
              "subnet-03447f6866bce8872",
              "subnet-0b0ff98cd52e24c6f"
            ],
            "tags": {
              "Name": "adidas-frontend-alb"
            },
            "tags_all": {
              "Name": "adidas-frontend-alb"
            },
            "timeouts": null,
            "vpc_id": "vpc-097baa390882730c8",
            "zone_id": "Z1LMS91P8CMLE5"
          },
          "sensitive_attributes": [],
          "identity_schema_version": 0,
          "private": "eyJlMmJmYjczMC1lY2FhLTExZTYtOGY4OC0zNDM2M2JjN2M0YzAiOnsiY3JlYXRlIjo2MDAwMDAwMDAwMDAsImRlbGV0ZSI6NjAwMDAwMDAwMDAwLCJ1cGRhdGUiOjYwMDAwMDAwMDAwMH19",
          "dependencies": [
            "aws_security_group.adidas_elb_sg_frontend",
            "aws_subnet.public_subnet_1",
            "aws_subnet.public_subnet_2",
            "aws_vpc.adidas_vpc"
          ]
        }
      ]
    },
    {
      "mode": "managed",
      "type": "aws_alb_target_group",
      "name": "backend_target_group",
      "provider": "provider[\"registry.terraform.io/hashicorp/aws\"]",
      "instances": [
        {
          "schema_version": 0,
          "attributes": {
            "arn": "arn:aws:elasticloadbalancing:ap-southeast-1:677276121580:targetgroup/adidas-backend-tg/dd9a4e7d575e45b3",
            "arn_suffix": "targetgroup/adidas-backend-tg/dd9a4e7d575e45b3",
            "connection_termination": false,
            "deregistration_delay": "300",
            "health_check": [
              {
                "enabled": true,
                "healthy_threshold": 2,
                "interval": 30,
                "matcher": "200",
                "path": "/",
                "port": "traffic-port",
                "protocol": "HTTP",
                "timeout": 5,
                "unhealthy_threshold": 2
              }
            ],
            "id": "arn:aws:elasticloadbalancing:ap-southeast-1:677276121580:targetgroup/adidas-backend-tg/dd9a4e7d575e45b3",
            "lambda_multi_value_headers_enabled": false,
            "load_balancing_algorithm_type": "round_robin",
            "name": "adidas-backend-tg",
            "name_prefix": null,
            "port": 80,
            "preserve_client_ip": null,
            "protocol": "HTTP",
            "protocol_version": "HTTP1",
            "proxy_protocol_v2": false,
            "slow_start": 0,
            "stickiness": [
              {
                "cookie_duration": 86400,
                "cookie_name": "",
                "enabled": false,
                "type": "lb_cookie"
              }
            ],
            "tags": null,
            "tags_all": {},
            "target_type": "instance",
            "vpc_id": "vpc-097baa390882730c8"
          },
          "sensitive_attributes": [],
          "identity_schema_version": 0,
          "private": "bnVsbA==",
          "dependencies": [
            "aws_vpc.adidas_vpc"
          ]
        }
      ]
    },
    {
      "mode": "managed",
      "type": "aws_alb_target_group",
      "name": "frontend_target_group",
      "provider": "provider[\"registry.terraform.io/hashicorp/aws\"]",
      "instances": [
        {
          "schema_version": 0,
          "attributes": {
            "arn": "arn:aws:elasticloadbalancing:ap-southeast-1:677276121580:targetgroup/adidas-frontend-tg/a0df562b3ebd52e1",
            "arn_suffix": "targetgroup/adidas-frontend-tg/a0df562b3ebd52e1",
            "connection_termination": false,
            "deregistration_delay": "300",
            "health_check": [
              {
                "enabled": true,
                "healthy_threshold": 2,
                "interval": 30,
                "matcher": "200",
                "path": "/",
                "port": "traffic-port",
                "protocol": "HTTP",
                "timeout": 5,
                "unhealthy_threshold": 2
              }
            ],
            "id": "arn:aws:elasticloadbalancing:ap-southeast-1:677276121580:targetgroup/adidas-frontend-tg/a0df562b3ebd52e1",
            "lambda_multi_value_headers_enabled": false,
            "load_balancing_algorithm_type": "round_robin",
            "name": "adidas-frontend-tg",
            "name_prefix": null,
            "port": 80,
            "preserve_client_ip": null,
            "protocol": "HTTP",
            "protocol_version": "HTTP1",
            "proxy_protocol_v2": false,
            "slow_start": 0,
            "stickiness": [
              {
                "cookie_duration": 86400,
                "cookie_name": "",
                "enabled": false,
                "type": "lb_cookie"
              }
            ],
            "tags": {
              "Name": "adidas-frontend-tg"
            },
            "tags_all": {
              "Name": "adidas-frontend-tg"
            },
            "target_type": "instance",
            "vpc_id": "vpc-097baa390882730c8"
          },
          "sensitive_attributes": [],
          "identity_schema_version": 0,
          "private": "bnVsbA==",
          "dependencies": [
            "aws_vpc.adidas_vpc"
          ]
        }
      ]
    },
    {
      "mode": "managed",
      "type": "aws_ami_from_instance",
      "name": "adidas_ami",
      "provider": "provider[\"registry.terraform.io/hashicorp/aws\"]",
      "instances": [
        {
          "schema_version": 0,
          "attributes": {
            "architecture": "x86_64",
            "arn": "arn:aws:ec2:ap-southeast-1::image/ami-029f95823b503d54b",
            "description": "",
            "ebs_block_device": [
              {
                "delete_on_termination": true,
                "device_name": "/dev/sda1",
                "encrypted": false,
                "iops": 0,
                "snapshot_id": "snap-0fd894531114735a8",
                "throughput": 0,
                "volume_size": 20,
                "volume_type": "gp2"
              }
            ],
            "ena_support": true,
            "ephemeral_block_device": [
              {
                "device_name": "/dev/sdb",
                "virtual_name": "ephemeral0"
              },
              {
                "device_name": "/dev/sdc",
                "virtual_name": "ephemeral1"
              }
            ],
            "hypervisor": "xen",
            "id": "ami-029f95823b503d54b",
            "image_location": "677276121580/adidas-ami-20250810-085853",
            "image_owner_alias": "",
            "image_type": "machine",
            "kernel_id": "",
            "manage_ebs_snapshots": true,
            "name": "adidas-ami-20250810-085853",
            "owner_id": "677276121580",
            "platform": "",
            "platform_details": "Linux/UNIX",
            "public": false,
            "ramdisk_id": "",
            "root_device_name": "/dev/sda1",
            "root_snapshot_id": "snap-0fd894531114735a8",
            "snapshot_without_reboot": null,
            "source_instance_id": "i-03c34f654d662da00",
            "sriov_net_support": "simple",
            "tags": null,
            "tags_all": {},
            "timeouts": null,
            "usage_operation": "RunInstances",
            "virtualization_type": "hvm"
          },
          "sensitive_attributes": [],
          "identity_schema_version": 0,
          "private": "eyJlMmJmYjczMC1lY2FhLTExZTYtOGY4OC0zNDM2M2JjN2M0YzAiOnsiY3JlYXRlIjoyNDAwMDAwMDAwMDAwLCJkZWxldGUiOjU0MDAwMDAwMDAwMDAsInVwZGF0ZSI6MjQwMDAwMDAwMDAwMH19",
          "dependencies": [
            "aws_instance.ec2_for_ami_frontend",
            "aws_key_pair.generated_key",
            "aws_security_group.adidas_elb_sg_frontend",
            "aws_security_group.adidas_vpc_sg",
            "aws_subnet.public_subnet_1",
            "aws_vpc.adidas_vpc",
            "tls_private_key.ssh_key"
          ]
        }
      ]
    },
    {
      "mode": "managed",
      "type": "aws_ami_from_instance",
      "name": "adidas_ami_backend",
      "provider": "provider[\"registry.terraform.io/hashicorp/aws\"]",
      "instances": [
        {
          "schema_version": 0,
          "attributes": {
            "architecture": "x86_64",
            "arn": "arn:aws:ec2:ap-southeast-1::image/ami-01726e86795b2c4bb",
            "description": "",
            "ebs_block_device": [
              {
                "delete_on_termination": true,
                "device_name": "/dev/sda1",
                "encrypted": false,
                "iops": 0,
                "snapshot_id": "snap-02d0f3474a93d5439",
                "throughput": 0,
                "volume_size": 20,
                "volume_type": "gp2"
              }
            ],
            "ena_support": true,
            "ephemeral_block_device": [
              {
                "device_name": "/dev/sdb",
                "virtual_name": "ephemeral0"
              },
              {
                "device_name": "/dev/sdc",
                "virtual_name": "ephemeral1"
              }
            ],
            "hypervisor": "xen",
            "id": "ami-01726e86795b2c4bb",
            "image_location": "677276121580/adidas-ami-20250810-085858",
            "image_owner_alias": "",
            "image_type": "machine",
            "kernel_id": "",
            "manage_ebs_snapshots": true,
            "name": "adidas-ami-20250810-085858",
            "owner_id": "677276121580",
            "platform": "",
            "platform_details": "Linux/UNIX",
            "public": false,
            "ramdisk_id": "",
            "root_device_name": "/dev/sda1",
            "root_snapshot_id": "snap-02d0f3474a93d5439",
            "snapshot_without_reboot": null,
            "source_instance_id": "i-03df1eee2f3770381",
            "sriov_net_support": "simple",
            "tags": null,
            "tags_all": {},
            "timeouts": null,
            "usage_operation": "RunInstances",
            "virtualization_type": "hvm"
          },
          "sensitive_attributes": [],
          "identity_schema_version": 0,
          "private": "eyJlMmJmYjczMC1lY2FhLTExZTYtOGY4OC0zNDM2M2JjN2M0YzAiOnsiY3JlYXRlIjoyNDAwMDAwMDAwMDAwLCJkZWxldGUiOjU0MDAwMDAwMDAwMDAsInVwZGF0ZSI6MjQwMDAwMDAwMDAwMH19",
          "dependencies": [
            "aws_instance.ec2_for_ami_backend",
            "aws_key_pair.generated_key",
            "aws_security_group.adidas_elb_sg_backend",
            "aws_security_group.adidas_elb_sg_frontend",
            "aws_security_group.adidas_vpc_sg",
            "aws_subnet.private_subnet_1",
            "aws_vpc.adidas_vpc",
            "tls_private_key.ssh_key"
          ]
        }
      ]
    },
    {
      "mode": "managed",
      "type": "aws_autoscaling_group",
      "name": "backend",
      "provider": "provider[\"registry.terraform.io/hashicorp/aws\"]",
      "instances": [
        {
          "schema_version": 0,
          "attributes": {
            "arn": "arn:aws:autoscaling:ap-southeast-1:677276121580:autoScalingGroup:cdb92bb0-ca67-478f-aaf5-032990402b82:autoScalingGroupName/backend-asg",
            "availability_zones": [
              "ap-southeast-1a",
              "ap-southeast-1b"
            ],
            "capacity_rebalance": false,
            "default_cooldown": 300,
            "desired_capacity": 2,
            "enabled_metrics": null,
            "force_delete": false,
            "force_delete_warm_pool": false,
            "health_check_grace_period": 300,
            "health_check_type": "ELB",
            "id": "backend-asg",
            "initial_lifecycle_hook": [],
            "instance_refresh": [],
            "launch_configuration": "",
            "launch_template": [
              {
                "id": "lt-0aa7d729ef761823d",
                "name": "backend-lt-20250810090200210700000003",
                "version": "$Latest"
              }
            ],
            "load_balancers": null,
            "max_instance_lifetime": 0,
            "max_size": 3,
            "metrics_granularity": "1Minute",
            "min_elb_capacity": null,
            "min_size": 1,
            "mixed_instances_policy": [],
            "name": "backend-asg",
            "name_prefix": "",
            "placement_group": "",
            "protect_from_scale_in": false,
            "service_linked_role_arn": "arn:aws:iam::677276121580:role/aws-service-role/autoscaling.amazonaws.com/AWSServiceRoleForAutoScaling",
            "suspended_processes": null,
            "tag": [],
            "tags": null,
            "target_group_arns": [
              "arn:aws:elasticloadbalancing:ap-southeast-1:677276121580:targetgroup/adidas-backend-tg/dd9a4e7d575e45b3"
            ],
            "termination_policies": null,
            "timeouts": null,
            "vpc_zone_identifier": [
              "subnet-02685e2f9c310763a",
              "subnet-04aac59adfe98fda1"
            ],
            "wait_for_capacity_timeout": "10m",
            "wait_for_elb_capacity": null,
            "warm_pool": []
          },
          "sensitive_attributes": [],
          "identity_schema_version": 0,
          "private": "eyJlMmJmYjczMC1lY2FhLTExZTYtOGY4OC0zNDM2M2JjN2M0YzAiOnsiZGVsZXRlIjo2MDAwMDAwMDAwMDB9fQ==",
          "dependencies": [
            "aws_alb_target_group.backend_target_group",
            "aws_ami_from_instance.adidas_ami_backend",
            "aws_instance.ec2_for_ami_backend",
            "aws_key_pair.generated_key",
            "aws_launch_template.backend_lt",
            "aws_security_group.adidas_elb_sg_backend",
            "aws_security_group.adidas_elb_sg_frontend",
            "aws_security_group.adidas_vpc_sg",
            "aws_subnet.private_subnet_1",
            "aws_subnet.private_subnet_2",
            "aws_vpc.adidas_vpc",
            "tls_private_key.ssh_key"
          ]
        }
      ]
    },
    {
      "mode": "managed",
      "type": "aws_autoscaling_group",
      "name": "frontend",
      "provider": "provider[\"registry.terraform.io/hashicorp/aws\"]",
      "instances": [
        {
          "schema_version": 0,
          "attributes": {
            "arn": "arn:aws:autoscaling:ap-southeast-1:677276121580:autoScalingGroup:1b196b0b-7184-4d7a-8f84-13c342797bd1:autoScalingGroupName/frontend-asg",
            "availability_zones": [
              "ap-southeast-1a",
              "ap-southeast-1b"
            ],
            "capacity_rebalance": false,
            "default_cooldown": 300,
            "desired_capacity": 2,
            "enabled_metrics": null,
            "force_delete": false,
            "force_delete_warm_pool": false,
            "health_check_grace_period": 300,
            "health_check_type": "ELB",
            "id": "frontend-asg",
            "initial_lifecycle_hook": [],
            "instance_refresh": [],
            "launch_configuration": "",
            "launch_template": [
              {
                "id": "lt-0c5aa401293775dbc",
                "name": "frontend-lt-20250810090155381900000001",
                "version": "$Latest"
              }
            ],
            "load_balancers": null,
            "max_instance_lifetime": 0,
            "max_size": 3,
            "metrics_granularity": "1Minute",
            "min_elb_capacity": null,
            "min_size": 1,
            "mixed_instances_policy": [],
            "name": "frontend-asg",
            "name_prefix": "",
            "placement_group": "",
            "protect_from_scale_in": false,
            "service_linked_role_arn": "arn:aws:iam::677276121580:role/aws-service-role/autoscaling.amazonaws.com/AWSServiceRoleForAutoScaling",
            "suspended_processes": null,
            "tag": [],
            "tags": null,
            "target_group_arns": [
              "arn:aws:elasticloadbalancing:ap-southeast-1:677276121580:targetgroup/adidas-frontend-tg/a0df562b3ebd52e1"
            ],
            "termination_policies": null,
            "timeouts": null,
            "vpc_zone_identifier": [
              "subnet-03447f6866bce8872",
              "subnet-0b0ff98cd52e24c6f"
            ],
            "wait_for_capacity_timeout": "10m",
            "wait_for_elb_capacity": null,
            "warm_pool": []
          },
          "sensitive_attributes": [],
          "identity_schema_version": 0,
          "private": "eyJlMmJmYjczMC1lY2FhLTExZTYtOGY4OC0zNDM2M2JjN2M0YzAiOnsiZGVsZXRlIjo2MDAwMDAwMDAwMDB9fQ==",
          "dependencies": [
            "aws_alb_target_group.frontend_target_group",
            "aws_ami_from_instance.adidas_ami",
            "aws_instance.ec2_for_ami_frontend",
            "aws_key_pair.generated_key",
            "aws_launch_template.frontend_lt",
            "aws_security_group.adidas_elb_sg_frontend",
            "aws_security_group.adidas_vpc_sg",
            "aws_subnet.public_subnet_1",
            "aws_subnet.public_subnet_2",
            "aws_vpc.adidas_vpc",
            "tls_private_key.ssh_key"
          ]
        }
      ]
    },
    {
      "mode": "managed",
      "type": "aws_db_subnet_group",
      "name": "adidas_db_subnet_group",
      "provider": "provider[\"registry.terraform.io/hashicorp/aws\"]",
      "instances": [
        {
          "schema_version": 0,
          "attributes": {
            "arn": "arn:aws:rds:ap-southeast-1:677276121580:subgrp:adidas-db-subnet-group",
            "description": "Managed by Terraform",
            "id": "adidas-db-subnet-group",
            "name": "adidas-db-subnet-group",
            "name_prefix": null,
            "subnet_ids": [
              "subnet-041175d0dd82bb849",
              "subnet-0a7a4d47119d2cb02"
            ],
            "tags": {
              "Name": "adidas-db-subnet-group"
            },
            "tags_all": {
              "Name": "adidas-db-subnet-group"
            }
          },
          "sensitive_attributes": [],
          "identity_schema_version": 0,
          "private": "bnVsbA==",
          "dependencies": [
            "aws_subnet.database-subnet-1",
            "aws_subnet.database-subnet-2",
            "aws_vpc.adidas_vpc"
          ]
        }
      ]
    },
    {
      "mode": "managed",
      "type": "aws_instance",
      "name": "ec2_for_ami_backend",
      "provider": "provider[\"registry.terraform.io/hashicorp/aws\"]",
      "instances": [
        {
          "schema_version": 1,
          "attributes": {
            "ami": "ami-02c7683e4ca3ebf58",
            "arn": "arn:aws:ec2:ap-southeast-1:677276121580:instance/i-03df1eee2f3770381",
            "associate_public_ip_address": true,
            "availability_zone": "ap-southeast-1a",
            "capacity_reservation_specification": [
              {
                "capacity_reservation_preference": "open",
                "capacity_reservation_target": []
              }
            ],
            "cpu_core_count": 1,
            "cpu_threads_per_core": 1,
            "credit_specification": [
              {
                "cpu_credits": "standard"
              }
            ],
            "disable_api_termination": false,
            "ebs_block_device": [],
            "ebs_optimized": false,
            "enclave_options": [
              {
                "enabled": false
              }
            ],
            "ephemeral_block_device": [],
            "get_password_data": false,
            "hibernation": false,
            "host_id": null,
            "iam_instance_profile": "",
            "id": "i-03df1eee2f3770381",
            "instance_initiated_shutdown_behavior": "stop",
            "instance_state": "running",
            "instance_type": "t2.micro",
            "ipv6_address_count": 0,
            "ipv6_addresses": [],
            "key_name": "adidas-key",
            "launch_template": [],
            "metadata_options": [
              {
                "http_endpoint": "enabled",
                "http_put_response_hop_limit": 2,
                "http_tokens": "required",
                "instance_metadata_tags": "disabled"
              }
            ],
            "monitoring": false,
            "network_interface": [],
            "outpost_arn": "",
            "password_data": "",
            "placement_group": "",
            "placement_partition_number": null,
            "primary_network_interface_id": "eni-0c1c9f05f477208b8",
            "private_dns": "ip-10-0-3-12.ap-southeast-1.compute.internal",
            "private_ip": "10.0.3.12",
            "public_dns": "",
            "public_ip": "13.212.13.111",
            "root_block_device": [
              {
                "delete_on_termination": true,
                "device_name": "/dev/sda1",
                "encrypted": false,
                "iops": 100,
                "kms_key_id": "",
                "tags": null,
                "throughput": 0,
                "volume_id": "vol-02b4b0bc8d84d788d",
                "volume_size": 20,
                "volume_type": "gp2"
              }
            ],
            "secondary_private_ips": [],
            "security_groups": [
              "sg-0d4396f50aa790984",
              "sg-0d9bcf86a713db2ff"
            ],
            "source_dest_check": true,
            "subnet_id": "subnet-02685e2f9c310763a",
            "tags": {
              "Name": "ami-for-ec2-backend"
            },
            "tags_all": {
              "Name": "ami-for-ec2-backend"
            },
            "tenancy": "default",
            "timeouts": null,
            "user_data": null,
            "user_data_base64": null,
            "volume_tags": null,
            "vpc_security_group_ids": [
              "sg-0d4396f50aa790984",
              "sg-0d9bcf86a713db2ff"
            ]
          },
          "sensitive_attributes": [],
          "identity_schema_version": 0,
          "private": "eyJlMmJmYjczMC1lY2FhLTExZTYtOGY4OC0zNDM2M2JjN2M0YzAiOnsiY3JlYXRlIjo2MDAwMDAwMDAwMDAsImRlbGV0ZSI6MTIwMDAwMDAwMDAwMCwidXBkYXRlIjo2MDAwMDAwMDAwMDB9LCJzY2hlbWFfdmVyc2lvbiI6IjEifQ==",
          "dependencies": [
            "aws_key_pair.generated_key",
            "aws_security_group.adidas_elb_sg_backend",
            "aws_security_group.adidas_elb_sg_frontend",
            "aws_security_group.adidas_vpc_sg",
            "aws_subnet.private_subnet_1",
            "aws_vpc.adidas_vpc",
            "tls_private_key.ssh_key"
          ]
        }
      ]
    },
    {
      "mode": "managed",
      "type": "aws_instance",
      "name": "ec2_for_ami_frontend",
      "provider": "provider[\"registry.terraform.io/hashicorp/aws\"]",
      "instances": [
        {
          "schema_version": 1,
          "attributes": {
            "ami": "ami-02c7683e4ca3ebf58",
            "arn": "arn:aws:ec2:ap-southeast-1:677276121580:instance/i-03c34f654d662da00",
            "associate_public_ip_address": true,
            "availability_zone": "ap-southeast-1a",
            "capacity_reservation_specification": [
              {
                "capacity_reservation_preference": "open",
                "capacity_reservation_target": []
              }
            ],
            "cpu_core_count": 1,
            "cpu_threads_per_core": 1,
            "credit_specification": [
              {
                "cpu_credits": "standard"
              }
            ],
            "disable_api_termination": false,
            "ebs_block_device": [],
            "ebs_optimized": false,
            "enclave_options": [
              {
                "enabled": false
              }
            ],
            "ephemeral_block_device": [],
            "get_password_data": false,
            "hibernation": false,
            "host_id": null,
            "iam_instance_profile": "",
            "id": "i-03c34f654d662da00",
            "instance_initiated_shutdown_behavior": "stop",
            "instance_state": "running",
            "instance_type": "t2.micro",
            "ipv6_address_count": 0,
            "ipv6_addresses": [],
            "key_name": "adidas-key",
            "launch_template": [],
            "metadata_options": [
              {
                "http_endpoint": "enabled",
                "http_put_response_hop_limit": 2,
                "http_tokens": "required",
                "instance_metadata_tags": "disabled"
              }
            ],
            "monitoring": false,
            "network_interface": [],
            "outpost_arn": "",
            "password_data": "",
            "placement_group": "",
            "placement_partition_number": null,
            "primary_network_interface_id": "eni-01102183b467eea4a",
            "private_dns": "ip-10-0-1-99.ap-southeast-1.compute.internal",
            "private_ip": "10.0.1.99",
            "public_dns": "",
            "public_ip": "47.129.119.54",
            "root_block_device": [
              {
                "delete_on_termination": true,
                "device_name": "/dev/sda1",
                "encrypted": false,
                "iops": 100,
                "kms_key_id": "",
                "tags": null,
                "throughput": 0,
                "volume_id": "vol-012468982e9c032a6",
                "volume_size": 20,
                "volume_type": "gp2"
              }
            ],
            "secondary_private_ips": [],
            "security_groups": [
              "sg-065cb8a77eb07cc98",
              "sg-0d4396f50aa790984"
            ],
            "source_dest_check": true,
            "subnet_id": "subnet-0b0ff98cd52e24c6f",
            "tags": {
              "Name": "ami-for-ec2"
            },
            "tags_all": {
              "Name": "ami-for-ec2"
            },
            "tenancy": "default",
            "timeouts": null,
            "user_data": null,
            "user_data_base64": null,
            "volume_tags": null,
            "vpc_security_group_ids": [
              "sg-065cb8a77eb07cc98",
              "sg-0d4396f50aa790984"
            ]
          },
          "sensitive_attributes": [],
          "identity_schema_version": 0,
          "private": "eyJlMmJmYjczMC1lY2FhLTExZTYtOGY4OC0zNDM2M2JjN2M0YzAiOnsiY3JlYXRlIjo2MDAwMDAwMDAwMDAsImRlbGV0ZSI6MTIwMDAwMDAwMDAwMCwidXBkYXRlIjo2MDAwMDAwMDAwMDB9LCJzY2hlbWFfdmVyc2lvbiI6IjEifQ==",
          "dependencies": [
            "aws_key_pair.generated_key",
            "aws_security_group.adidas_elb_sg_frontend",
            "aws_security_group.adidas_vpc_sg",
            "aws_subnet.public_subnet_1",
            "aws_vpc.adidas_vpc",
            "tls_private_key.ssh_key"
          ]
        }
      ]
    },
    {
      "mode": "managed",
      "type": "aws_internet_gateway",
      "name": "adidas_vpc_igw",
      "provider": "provider[\"registry.terraform.io/hashicorp/aws\"]",
      "instances": [
        {
          "schema_version": 0,
          "attributes": {
            "arn": "arn:aws:ec2:ap-southeast-1:677276121580:internet-gateway/igw-09a5b4492fd9d7dfa",
            "id": "igw-09a5b4492fd9d7dfa",
            "owner_id": "677276121580",
            "tags": {
              "Name": "adidas-vpc-igw"
            },
            "tags_all": {
              "Name": "adidas-vpc-igw"
            },
            "vpc_id": "vpc-097baa390882730c8"
          },
          "sensitive_attributes": [],
          "identity_schema_version": 0,
          "private": "bnVsbA==",
          "dependencies": [
            "aws_vpc.adidas_vpc"
          ]
        }
      ]
    },
    {
      "mode": "managed",
      "type": "aws_key_pair",
      "name": "generated_key",
      "provider": "provider[\"registry.terraform.io/hashicorp/aws\"]",
      "instances": [
        {
          "schema_version": 1,
          "attributes": {
            "arn": "arn:aws:ec2:ap-southeast-1:677276121580:key-pair/adidas-key",
            "fingerprint": "6c:94:df:2b:aa:57:fa:27:2a:00:6b:f8:72:9e:18:82",
            "id": "adidas-key",
            "key_name": "adidas-key",
            "key_name_prefix": "",
            "key_pair_id": "key-0ab94e917e5c3ed00",
            "public_key": "ssh-rsa AAAAB3NzaC1yc2EAAAADAQABAAACAQDbqqyn+pdyp7sgsang+QZRgU0KSsU0ZFoFWtPco61ZOMkLfOH7x76L19vP4J7fZLbYCkmAiK1gV1GyClPur3qGq6xZIkQv3iovbz7Kk3G8I4MuHolFuO/eTQjBgr6uL9i3TBJ0pqR9X+ityqRrr1QDcIj58PjpaRtio5FdEXmkstxVf6OE9dagLx1+pKzJUPIBLm0RwUAG4PLw8rjPMdSMRsYWVFmZfJ9bZjulOIDy1t8HqCli99hH3sHiTGc3tjTiQ8eRQ9eOHRqaganL56XxSutbvBvGhzznP7HQgFuWnUzok5fWs7iO6oQo/5bKK9JFZYZAh8rH4GFKEsPxafCHHqFqKHLm3rdt2jMlVBRcSffmZboDzQtr5i/3b/y9AMuT1X3V0V7E9URqNJfB/5l0A8QOWr28c8gf2NhbLFG8HIKDJhVjbI7uuv8prDf+dpUgnKCIKxNO1Zx+2+Y2mZEDDWqayosWu+wQ4BnvYe/EoeslffaHBxB1hIWHo8pp08gj9VMmsTke+HQhKdOLHaUvnisCLQAGSk30hSYu6d9WYQo8kzs/abXwgJVDICUxb+1prHza5PEgUemU0PkN2NPO7BalP2eNSD751X2PqgfwY/Wlyq94EIwQNbw2MHMgtAls0k5SkXAi1/r/KrovuHevpKalnDBKRTb6k9btIRndPw==",
            "tags": null,
            "tags_all": {}
          },
          "sensitive_attributes": [],
          "identity_schema_version": 0,
          "private": "eyJzY2hlbWFfdmVyc2lvbiI6IjEifQ==",
          "dependencies": [
            "tls_private_key.ssh_key"
          ]
        }
      ]
    },
    {
      "mode": "managed",
      "type": "aws_launch_template",
      "name": "backend_lt",
      "provider": "provider[\"registry.terraform.io/hashicorp/aws\"]",
      "instances": [
        {
          "schema_version": 0,
          "attributes": {
            "arn": "arn:aws:ec2:ap-southeast-1:677276121580:launch-template/lt-0aa7d729ef761823d",
            "block_device_mappings": [
              {
                "device_name": "/dev/xvda",
                "ebs": [
                  {
                    "delete_on_termination": "",
                    "encrypted": "",
                    "iops": 0,
                    "kms_key_id": "",
                    "snapshot_id": "",
                    "throughput": 0,
                    "volume_size": 20,
                    "volume_type": "gp2"
                  }
                ],
                "no_device": "",
                "virtual_name": ""
              }
            ],
            "capacity_reservation_specification": [],
            "cpu_options": [],
            "credit_specification": [],
            "default_version": 1,
            "description": "",
            "disable_api_termination": false,
            "ebs_optimized": "",
            "elastic_gpu_specifications": [],
            "elastic_inference_accelerator": [],
            "enclave_options": [],
            "hibernation_options": [],
            "iam_instance_profile": [],
            "id": "lt-0aa7d729ef761823d",
            "image_id": "ami-01726e86795b2c4bb",
            "instance_initiated_shutdown_behavior": "",
            "instance_market_options": [],
            "instance_type": "t2.micro",
            "kernel_id": "",
            "key_name": "adidas-key",
            "latest_version": 1,
            "license_specification": [],
            "metadata_options": [],
            "monitoring": [],
            "name": "backend-lt-20250810090200210700000003",
            "name_prefix": "backend-lt-",
            "network_interfaces": [],
            "placement": [],
            "ram_disk_id": "",
            "security_group_names": null,
            "tag_specifications": [
              {
                "resource_type": "instance",
                "tags": {
                  "Ansible": "true",
                  "Name": "backend-instance-from-ami"
                }
              }
            ],
            "tags": null,
            "tags_all": {},
            "update_default_version": null,
            "user_data": "",
            "vpc_security_group_ids": [
              "sg-0d4396f50aa790984"
            ]
          },
          "sensitive_attributes": [],
          "identity_schema_version": 0,
          "private": "bnVsbA==",
          "dependencies": [
            "aws_ami_from_instance.adidas_ami_backend",
            "aws_instance.ec2_for_ami_backend",
            "aws_key_pair.generated_key",
            "aws_security_group.adidas_elb_sg_backend",
            "aws_security_group.adidas_elb_sg_frontend",
            "aws_security_group.adidas_vpc_sg",
            "aws_subnet.private_subnet_1",
            "aws_vpc.adidas_vpc",
            "tls_private_key.ssh_key"
          ]
        }
      ]
    },
    {
      "mode": "managed",
      "type": "aws_launch_template",
      "name": "frontend_lt",
      "provider": "provider[\"registry.terraform.io/hashicorp/aws\"]",
      "instances": [
        {
          "schema_version": 0,
          "attributes": {
            "arn": "arn:aws:ec2:ap-southeast-1:677276121580:launch-template/lt-0c5aa401293775dbc",
            "block_device_mappings": [
              {
                "device_name": "/dev/xvda",
                "ebs": [
                  {
                    "delete_on_termination": "",
                    "encrypted": "",
                    "iops": 0,
                    "kms_key_id": "",
                    "snapshot_id": "",
                    "throughput": 0,
                    "volume_size": 20,
                    "volume_type": "gp2"
                  }
                ],
                "no_device": "",
                "virtual_name": ""
              }
            ],
            "capacity_reservation_specification": [],
            "cpu_options": [],
            "credit_specification": [],
            "default_version": 1,
            "description": "",
            "disable_api_termination": false,
            "ebs_optimized": "",
            "elastic_gpu_specifications": [],
            "elastic_inference_accelerator": [],
            "enclave_options": [],
            "hibernation_options": [],
            "iam_instance_profile": [],
            "id": "lt-0c5aa401293775dbc",
            "image_id": "ami-029f95823b503d54b",
            "instance_initiated_shutdown_behavior": "",
            "instance_market_options": [],
            "instance_type": "t2.micro",
            "kernel_id": "",
            "key_name": "adidas-key",
            "latest_version": 1,
            "license_specification": [],
            "metadata_options": [],
            "monitoring": [],
            "name": "frontend-lt-20250810090155381900000001",
            "name_prefix": "frontend-lt-",
            "network_interfaces": [],
            "placement": [],
            "ram_disk_id": "",
            "security_group_names": null,
            "tag_specifications": [
              {
                "resource_type": "instance",
                "tags": {
                  "Ansible": "true",
                  "Name": "frontend-instance-from-ami"
                }
              }
            ],
            "tags": null,
            "tags_all": {},
            "update_default_version": null,
            "user_data": "",
            "vpc_security_group_ids": [
              "sg-0d4396f50aa790984"
            ]
          },
          "sensitive_attributes": [],
          "identity_schema_version": 0,
          "private": "bnVsbA==",
          "dependencies": [
            "aws_ami_from_instance.adidas_ami",
            "aws_instance.ec2_for_ami_frontend",
            "aws_key_pair.generated_key",
            "aws_security_group.adidas_elb_sg_frontend",
            "aws_security_group.adidas_vpc_sg",
            "aws_subnet.public_subnet_1",
            "aws_vpc.adidas_vpc",
            "tls_private_key.ssh_key"
          ]
        }
      ]
    },
    {
      "mode": "managed",
      "type": "aws_network_acl",
      "name": "adidas_vpc_acl",
      "provider": "provider[\"registry.terraform.io/hashicorp/aws\"]",
      "instances": [
        {
          "schema_version": 0,
          "attributes": {
            "arn": "arn:aws:ec2:ap-southeast-1:677276121580:network-acl/acl-0692d50ca984d561b",
            "egress": [],
            "id": "acl-0692d50ca984d561b",
            "ingress": [
              {
                "action": "allow",
                "cidr_block": "0.0.0.0/0",
                "from_port": 0,
                "icmp_code": null,
                "icmp_type": null,
                "ipv6_cidr_block": "",
                "protocol": "tcp",
                "rule_no": 100,
                "to_port": 65535
              }
            ],
            "owner_id": "677276121580",
            "subnet_ids": [],
            "tags": {
              "Name": "adidas-vpc-acl"
            },
            "tags_all": {
              "Name": "adidas-vpc-acl"
            },
            "vpc_id": "vpc-097baa390882730c8"
          },
          "sensitive_attributes": [],
          "identity_schema_version": 0,
          "private": "bnVsbA==",
          "dependencies": [
            "aws_vpc.adidas_vpc"
          ]
        }
      ]
    },
    {
      "mode": "managed",
      "type": "aws_route_table",
      "name": "adidas_vpc_route_table",
      "provider": "provider[\"registry.terraform.io/hashicorp/aws\"]",
      "instances": [
        {
          "schema_version": 0,
          "attributes": {
            "arn": "arn:aws:ec2:ap-southeast-1:677276121580:route-table/rtb-0d34d61b44af3290a",
            "id": "rtb-0d34d61b44af3290a",
            "owner_id": "677276121580",
            "propagating_vgws": [],
            "route": [
              {
                "carrier_gateway_id": "",
                "cidr_block": "0.0.0.0/0",
                "destination_prefix_list_id": "",
                "egress_only_gateway_id": "",
                "gateway_id": "igw-09a5b4492fd9d7dfa",
                "instance_id": "",
                "ipv6_cidr_block": "",
                "local_gateway_id": "",
                "nat_gateway_id": "",
                "network_interface_id": "",
                "transit_gateway_id": "",
                "vpc_endpoint_id": "",
                "vpc_peering_connection_id": ""
              }
            ],
            "tags": {
              "Name": "adidas-vpc-route-table"
            },
            "tags_all": {
              "Name": "adidas-vpc-route-table"
            },
            "timeouts": null,
            "vpc_id": "vpc-097baa390882730c8"
          },
          "sensitive_attributes": [],
          "identity_schema_version": 0,
          "private": "eyJlMmJmYjczMC1lY2FhLTExZTYtOGY4OC0zNDM2M2JjN2M0YzAiOnsiY3JlYXRlIjozMDAwMDAwMDAwMDAsImRlbGV0ZSI6MzAwMDAwMDAwMDAwLCJ1cGRhdGUiOjEyMDAwMDAwMDAwMH19",
          "dependencies": [
            "aws_internet_gateway.adidas_vpc_igw",
            "aws_vpc.adidas_vpc"
          ]
        }
      ]
    },
    {
      "mode": "managed",
      "type": "aws_route_table_association",
      "name": "public_subnet_1_association",
      "provider": "provider[\"registry.terraform.io/hashicorp/aws\"]",
      "instances": [
        {
          "schema_version": 0,
          "attributes": {
            "gateway_id": "",
            "id": "rtbassoc-0b782b6878f711eb2",
            "route_table_id": "rtb-0d34d61b44af3290a",
            "subnet_id": "subnet-0b0ff98cd52e24c6f"
          },
          "sensitive_attributes": [],
          "identity_schema_version": 0,
          "private": "bnVsbA==",
          "dependencies": [
            "aws_internet_gateway.adidas_vpc_igw",
            "aws_route_table.adidas_vpc_route_table",
            "aws_subnet.public_subnet_1",
            "aws_vpc.adidas_vpc"
          ]
        }
      ]
    },
    {
      "mode": "managed",
      "type": "aws_route_table_association",
      "name": "public_subnet_2_association",
      "provider": "provider[\"registry.terraform.io/hashicorp/aws\"]",
      "instances": [
        {
          "schema_version": 0,
          "attributes": {
            "gateway_id": "",
            "id": "rtbassoc-00234c7055368290d",
            "route_table_id": "rtb-0d34d61b44af3290a",
            "subnet_id": "subnet-03447f6866bce8872"
          },
          "sensitive_attributes": [],
          "identity_schema_version": 0,
          "private": "bnVsbA==",
          "dependencies": [
            "aws_internet_gateway.adidas_vpc_igw",
            "aws_route_table.adidas_vpc_route_table",
            "aws_subnet.public_subnet_2",
            "aws_vpc.adidas_vpc"
          ]
        }
      ]
    },
    {
      "mode": "managed",
      "type": "aws_security_group",
      "name": "adidas_elb_sg_backend",
      "provider": "provider[\"registry.terraform.io/hashicorp/aws\"]",
      "instances": [
        {
          "schema_version": 1,
          "attributes": {
            "arn": "arn:aws:ec2:ap-southeast-1:677276121580:security-group/sg-0d9bcf86a713db2ff",
            "description": "Security group for Adidas ELB",
            "egress": [
              {
                "cidr_blocks": [
                  "0.0.0.0/0"
                ],
                "description": "",
                "from_port": 0,
                "ipv6_cidr_blocks": [],
                "prefix_list_ids": [],
                "protocol": "tcp",
                "security_groups": [],
                "self": false,
                "to_port": 65535
              }
            ],
            "id": "sg-0d9bcf86a713db2ff",
            "ingress": [
              {
                "cidr_blocks": [],
                "description": "",
                "from_port": 0,
                "ipv6_cidr_blocks": [],
                "prefix_list_ids": [],
                "protocol": "tcp",
                "security_groups": [
                  "sg-065cb8a77eb07cc98"
                ],
                "self": false,
                "to_port": 65535
              }
            ],
            "name": "adidas-elb-security-group-backend",
            "name_prefix": "",
            "owner_id": "677276121580",
            "revoke_rules_on_delete": false,
            "tags": {
              "Name": "adidas-elb-sg"
            },
            "tags_all": {
              "Name": "adidas-elb-sg"
            },
            "timeouts": null,
            "vpc_id": "vpc-097baa390882730c8"
          },
          "sensitive_attributes": [],
          "identity_schema_version": 0,
          "private": "eyJlMmJmYjczMC1lY2FhLTExZTYtOGY4OC0zNDM2M2JjN2M0YzAiOnsiY3JlYXRlIjo2MDAwMDAwMDAwMDAsImRlbGV0ZSI6OTAwMDAwMDAwMDAwfSwic2NoZW1hX3ZlcnNpb24iOiIxIn0=",
          "dependencies": [
            "aws_security_group.adidas_elb_sg_frontend",
            "aws_vpc.adidas_vpc"
          ]
        }
      ]
    },
    {
      "mode": "managed",
      "type": "aws_security_group",
      "name": "adidas_elb_sg_frontend",
      "provider": "provider[\"registry.terraform.io/hashicorp/aws\"]",
      "instances": [
        {
          "schema_version": 1,
          "attributes": {
            "arn": "arn:aws:ec2:ap-southeast-1:677276121580:security-group/sg-065cb8a77eb07cc98",
            "description": "Security group for Adidas ELB",
            "egress": [
              {
                "cidr_blocks": [
                  "0.0.0.0/0"
                ],
                "description": "",
                "from_port": 0,
                "ipv6_cidr_blocks": [],
                "prefix_list_ids": [],
                "protocol": "tcp",
                "security_groups": [],
                "self": false,
                "to_port": 65535
              }
            ],
            "id": "sg-065cb8a77eb07cc98",
            "ingress": [
              {
                "cidr_blocks": [
                  "0.0.0.0/0"
                ],
                "description": "",
                "from_port": 80,
                "ipv6_cidr_blocks": [],
                "prefix_list_ids": [],
                "protocol": "tcp",
                "security_groups": [],
                "self": false,
                "to_port": 80
              }
            ],
            "name": "adidas-elb-security-group",
            "name_prefix": "",
            "owner_id": "677276121580",
            "revoke_rules_on_delete": false,
            "tags": {
              "Name": "adidas-elb-sg"
            },
            "tags_all": {
              "Name": "adidas-elb-sg"
            },
            "timeouts": null,
            "vpc_id": "vpc-097baa390882730c8"
          },
          "sensitive_attributes": [],
          "identity_schema_version": 0,
          "private": "eyJlMmJmYjczMC1lY2FhLTExZTYtOGY4OC0zNDM2M2JjN2M0YzAiOnsiY3JlYXRlIjo2MDAwMDAwMDAwMDAsImRlbGV0ZSI6OTAwMDAwMDAwMDAwfSwic2NoZW1hX3ZlcnNpb24iOiIxIn0=",
          "dependencies": [
            "aws_vpc.adidas_vpc"
          ]
        }
      ]
    },
    {
      "mode": "managed",
      "type": "aws_security_group",
      "name": "adidas_rds_sg",
      "provider": "provider[\"registry.terraform.io/hashicorp/aws\"]",
      "instances": [
        {
          "schema_version": 1,
          "attributes": {
            "arn": "arn:aws:ec2:ap-southeast-1:677276121580:security-group/sg-0d55e4efb25ed0d31",
            "description": "Security group for Adidas RDS",
            "egress": [
              {
                "cidr_blocks": [
                  "0.0.0.0/0"
                ],
                "description": "",
                "from_port": 0,
                "ipv6_cidr_blocks": [],
                "prefix_list_ids": [],
                "protocol": "tcp",
                "security_groups": [],
                "self": false,
                "to_port": 65535
              }
            ],
            "id": "sg-0d55e4efb25ed0d31",
            "ingress": [
              {
                "cidr_blocks": [],
                "description": "",
                "from_port": 0,
                "ipv6_cidr_blocks": [],
                "prefix_list_ids": [],
                "protocol": "tcp",
                "security_groups": [
                  "sg-0d4396f50aa790984",
                  "sg-0d9bcf86a713db2ff"
                ],
                "self": false,
                "to_port": 65535
              }
            ],
            "name": "adidas-rds-security-group",
            "name_prefix": "",
            "owner_id": "677276121580",
            "revoke_rules_on_delete": false,
            "tags": null,
            "tags_all": {},
            "timeouts": null,
            "vpc_id": "vpc-097baa390882730c8"
          },
          "sensitive_attributes": [],
          "identity_schema_version": 0,
          "private": "eyJlMmJmYjczMC1lY2FhLTExZTYtOGY4OC0zNDM2M2JjN2M0YzAiOnsiY3JlYXRlIjo2MDAwMDAwMDAwMDAsImRlbGV0ZSI6OTAwMDAwMDAwMDAwfSwic2NoZW1hX3ZlcnNpb24iOiIxIn0=",
          "dependencies": [
            "aws_security_group.adidas_elb_sg_backend",
            "aws_security_group.adidas_elb_sg_frontend",
            "aws_security_group.adidas_vpc_sg",
            "aws_vpc.adidas_vpc"
          ]
        }
      ]
    },
    {
      "mode": "managed",
      "type": "aws_security_group",
      "name": "adidas_vpc_sg",
      "provider": "provider[\"registry.terraform.io/hashicorp/aws\"]",
      "instances": [
        {
          "schema_version": 1,
          "attributes": {
            "arn": "arn:aws:ec2:ap-southeast-1:677276121580:security-group/sg-0d4396f50aa790984",
            "description": "Security group for Adidas project",
            "egress": [
              {
                "cidr_blocks": [
                  "0.0.0.0/0"
                ],
                "description": "",
                "from_port": 0,
                "ipv6_cidr_blocks": [],
                "prefix_list_ids": [],
                "protocol": "tcp",
                "security_groups": [],
                "self": false,
                "to_port": 65535
              }
            ],
            "id": "sg-0d4396f50aa790984",
            "ingress": [
              {
                "cidr_blocks": [
                  "0.0.0.0/0"
                ],
                "description": "",
                "from_port": 0,
                "ipv6_cidr_blocks": [],
                "prefix_list_ids": [],
                "protocol": "tcp",
                "security_groups": [],
                "self": false,
                "to_port": 65535
              }
            ],
            "name": "adidas-vpc-security-group",
            "name_prefix": "",
            "owner_id": "677276121580",
            "revoke_rules_on_delete": false,
            "tags": null,
            "tags_all": {},
            "timeouts": null,
            "vpc_id": "vpc-097baa390882730c8"
          },
          "sensitive_attributes": [],
          "identity_schema_version": 0,
          "private": "eyJlMmJmYjczMC1lY2FhLTExZTYtOGY4OC0zNDM2M2JjN2M0YzAiOnsiY3JlYXRlIjo2MDAwMDAwMDAwMDAsImRlbGV0ZSI6OTAwMDAwMDAwMDAwfSwic2NoZW1hX3ZlcnNpb24iOiIxIn0=",
          "dependencies": [
            "aws_vpc.adidas_vpc"
          ]
        }
      ]
    },
    {
      "mode": "managed",
      "type": "aws_subnet",
      "name": "database-subnet-1",
      "provider": "provider[\"registry.terraform.io/hashicorp/aws\"]",
      "instances": [
        {
          "schema_version": 1,
          "attributes": {
            "arn": "arn:aws:ec2:ap-southeast-1:677276121580:subnet/subnet-0a7a4d47119d2cb02",
            "assign_ipv6_address_on_creation": false,
            "availability_zone": "ap-southeast-1a",
            "availability_zone_id": "apse1-az2",
            "cidr_block": "10.0.5.0/24",
            "customer_owned_ipv4_pool": "",
            "enable_dns64": false,
            "enable_resource_name_dns_a_record_on_launch": false,
            "enable_resource_name_dns_aaaa_record_on_launch": false,
            "id": "subnet-0a7a4d47119d2cb02",
            "ipv6_cidr_block": "",
            "ipv6_cidr_block_association_id": "",
            "ipv6_native": false,
            "map_customer_owned_ip_on_launch": false,
            "map_public_ip_on_launch": false,
            "outpost_arn": "",
            "owner_id": "677276121580",
            "private_dns_hostname_type_on_launch": "ip-name",
            "tags": {
              "Name": "adidas-database-subnet"
            },
            "tags_all": {
              "Name": "adidas-database-subnet"
            },
            "timeouts": null,
            "vpc_id": "vpc-097baa390882730c8"
          },
          "sensitive_attributes": [],
          "identity_schema_version": 0,
          "private": "eyJlMmJmYjczMC1lY2FhLTExZTYtOGY4OC0zNDM2M2JjN2M0YzAiOnsiY3JlYXRlIjo2MDAwMDAwMDAwMDAsImRlbGV0ZSI6MTIwMDAwMDAwMDAwMH0sInNjaGVtYV92ZXJzaW9uIjoiMSJ9",
          "dependencies": [
            "aws_vpc.adidas_vpc"
          ]
        }
      ]
    },
    {
      "mode": "managed",
      "type": "aws_subnet",
      "name": "database-subnet-2",
      "provider": "provider[\"registry.terraform.io/hashicorp/aws\"]",
      "instances": [
        {
          "schema_version": 1,
          "attributes": {
            "arn": "arn:aws:ec2:ap-southeast-1:677276121580:subnet/subnet-041175d0dd82bb849",
            "assign_ipv6_address_on_creation": false,
            "availability_zone": "ap-southeast-1b",
            "availability_zone_id": "apse1-az1",
            "cidr_block": "10.0.6.0/24",
            "customer_owned_ipv4_pool": "",
            "enable_dns64": false,
            "enable_resource_name_dns_a_record_on_launch": false,
            "enable_resource_name_dns_aaaa_record_on_launch": false,
            "id": "subnet-041175d0dd82bb849",
            "ipv6_cidr_block": "",
            "ipv6_cidr_block_association_id": "",
            "ipv6_native": false,
            "map_customer_owned_ip_on_launch": false,
            "map_public_ip_on_launch": false,
            "outpost_arn": "",
            "owner_id": "677276121580",
            "private_dns_hostname_type_on_launch": "ip-name",
            "tags": {
              "Name": "adidas-database-subnet-2"
            },
            "tags_all": {
              "Name": "adidas-database-subnet-2"
            },
            "timeouts": null,
            "vpc_id": "vpc-097baa390882730c8"
          },
          "sensitive_attributes": [],
          "identity_schema_version": 0,
          "private": "eyJlMmJmYjczMC1lY2FhLTExZTYtOGY4OC0zNDM2M2JjN2M0YzAiOnsiY3JlYXRlIjo2MDAwMDAwMDAwMDAsImRlbGV0ZSI6MTIwMDAwMDAwMDAwMH0sInNjaGVtYV92ZXJzaW9uIjoiMSJ9",
          "dependencies": [
            "aws_vpc.adidas_vpc"
          ]
        }
      ]
    },
    {
      "mode": "managed",
      "type": "aws_subnet",
      "name": "private_subnet_1",
      "provider": "provider[\"registry.terraform.io/hashicorp/aws\"]",
      "instances": [
        {
          "schema_version": 1,
          "attributes": {
            "arn": "arn:aws:ec2:ap-southeast-1:677276121580:subnet/subnet-02685e2f9c310763a",
            "assign_ipv6_address_on_creation": false,
            "availability_zone": "ap-southeast-1a",
            "availability_zone_id": "apse1-az2",
            "cidr_block": "10.0.3.0/24",
            "customer_owned_ipv4_pool": "",
            "enable_dns64": false,
            "enable_resource_name_dns_a_record_on_launch": false,
            "enable_resource_name_dns_aaaa_record_on_launch": false,
            "id": "subnet-02685e2f9c310763a",
            "ipv6_cidr_block": "",
            "ipv6_cidr_block_association_id": "",
            "ipv6_native": false,
            "map_customer_owned_ip_on_launch": false,
            "map_public_ip_on_launch": false,
            "outpost_arn": "",
            "owner_id": "677276121580",
            "private_dns_hostname_type_on_launch": "ip-name",
            "tags": {
              "Name": "adidas-private-subnet"
            },
            "tags_all": {
              "Name": "adidas-private-subnet"
            },
            "timeouts": null,
            "vpc_id": "vpc-097baa390882730c8"
          },
          "sensitive_attributes": [],
          "identity_schema_version": 0,
          "private": "eyJlMmJmYjczMC1lY2FhLTExZTYtOGY4OC0zNDM2M2JjN2M0YzAiOnsiY3JlYXRlIjo2MDAwMDAwMDAwMDAsImRlbGV0ZSI6MTIwMDAwMDAwMDAwMH0sInNjaGVtYV92ZXJzaW9uIjoiMSJ9",
          "dependencies": [
            "aws_vpc.adidas_vpc"
          ]
        }
      ]
    },
    {
      "mode": "managed",
      "type": "aws_subnet",
      "name": "private_subnet_2",
      "provider": "provider[\"registry.terraform.io/hashicorp/aws\"]",
      "instances": [
        {
          "schema_version": 1,
          "attributes": {
            "arn": "arn:aws:ec2:ap-southeast-1:677276121580:subnet/subnet-04aac59adfe98fda1",
            "assign_ipv6_address_on_creation": false,
            "availability_zone": "ap-southeast-1b",
            "availability_zone_id": "apse1-az1",
            "cidr_block": "10.0.4.0/24",
            "customer_owned_ipv4_pool": "",
            "enable_dns64": false,
            "enable_resource_name_dns_a_record_on_launch": false,
            "enable_resource_name_dns_aaaa_record_on_launch": false,
            "id": "subnet-04aac59adfe98fda1",
            "ipv6_cidr_block": "",
            "ipv6_cidr_block_association_id": "",
            "ipv6_native": false,
            "map_customer_owned_ip_on_launch": false,
            "map_public_ip_on_launch": false,
            "outpost_arn": "",
            "owner_id": "677276121580",
            "private_dns_hostname_type_on_launch": "ip-name",
            "tags": {
              "Name": "adidas-private-subnet"
            },
            "tags_all": {
              "Name": "adidas-private-subnet"
            },
            "timeouts": null,
            "vpc_id": "vpc-097baa390882730c8"
          },
          "sensitive_attributes": [],
          "identity_schema_version": 0,
          "private": "eyJlMmJmYjczMC1lY2FhLTExZTYtOGY4OC0zNDM2M2JjN2M0YzAiOnsiY3JlYXRlIjo2MDAwMDAwMDAwMDAsImRlbGV0ZSI6MTIwMDAwMDAwMDAwMH0sInNjaGVtYV92ZXJzaW9uIjoiMSJ9",
          "dependencies": [
            "aws_vpc.adidas_vpc"
          ]
        }
      ]
    },
    {
      "mode": "managed",
      "type": "aws_subnet",
      "name": "public_subnet_1",
      "provider": "provider[\"registry.terraform.io/hashicorp/aws\"]",
      "instances": [
        {
          "schema_version": 1,
          "attributes": {
            "arn": "arn:aws:ec2:ap-southeast-1:677276121580:subnet/subnet-0b0ff98cd52e24c6f",
            "assign_ipv6_address_on_creation": false,
            "availability_zone": "ap-southeast-1a",
            "availability_zone_id": "apse1-az2",
            "cidr_block": "10.0.1.0/24",
            "customer_owned_ipv4_pool": "",
            "enable_dns64": false,
            "enable_resource_name_dns_a_record_on_launch": false,
            "enable_resource_name_dns_aaaa_record_on_launch": false,
            "id": "subnet-0b0ff98cd52e24c6f",
            "ipv6_cidr_block": "",
            "ipv6_cidr_block_association_id": "",
            "ipv6_native": false,
            "map_customer_owned_ip_on_launch": false,
            "map_public_ip_on_launch": false,
            "outpost_arn": "",
            "owner_id": "677276121580",
            "private_dns_hostname_type_on_launch": "ip-name",
            "tags": {
              "Name": "adidas-public-subnet"
            },
            "tags_all": {
              "Name": "adidas-public-subnet"
            },
            "timeouts": null,
            "vpc_id": "vpc-097baa390882730c8"
          },
          "sensitive_attributes": [],
          "identity_schema_version": 0,
          "private": "eyJlMmJmYjczMC1lY2FhLTExZTYtOGY4OC0zNDM2M2JjN2M0YzAiOnsiY3JlYXRlIjo2MDAwMDAwMDAwMDAsImRlbGV0ZSI6MTIwMDAwMDAwMDAwMH0sInNjaGVtYV92ZXJzaW9uIjoiMSJ9",
          "dependencies": [
            "aws_vpc.adidas_vpc"
          ]
        }
      ]
    },
    {
      "mode": "managed",
      "type": "aws_subnet",
      "name": "public_subnet_2",
      "provider": "provider[\"registry.terraform.io/hashicorp/aws\"]",
      "instances": [
        {
          "schema_version": 1,
          "attributes": {
            "arn": "arn:aws:ec2:ap-southeast-1:677276121580:subnet/subnet-03447f6866bce8872",
            "assign_ipv6_address_on_creation": false,
            "availability_zone": "ap-southeast-1b",
            "availability_zone_id": "apse1-az1",
            "cidr_block": "10.0.2.0/24",
            "customer_owned_ipv4_pool": "",
            "enable_dns64": false,
            "enable_resource_name_dns_a_record_on_launch": false,
            "enable_resource_name_dns_aaaa_record_on_launch": false,
            "id": "subnet-03447f6866bce8872",
            "ipv6_cidr_block": "",
            "ipv6_cidr_block_association_id": "",
            "ipv6_native": false,
            "map_customer_owned_ip_on_launch": false,
            "map_public_ip_on_launch": false,
            "outpost_arn": "",
            "owner_id": "677276121580",
            "private_dns_hostname_type_on_launch": "ip-name",
            "tags": {
              "Name": "adidas-public-subnet"
            },
            "tags_all": {
              "Name": "adidas-public-subnet"
            },
            "timeouts": null,
            "vpc_id": "vpc-097baa390882730c8"
          },
          "sensitive_attributes": [],
          "identity_schema_version": 0,
          "private": "eyJlMmJmYjczMC1lY2FhLTExZTYtOGY4OC0zNDM2M2JjN2M0YzAiOnsiY3JlYXRlIjo2MDAwMDAwMDAwMDAsImRlbGV0ZSI6MTIwMDAwMDAwMDAwMH0sInNjaGVtYV92ZXJzaW9uIjoiMSJ9",
          "dependencies": [
            "aws_vpc.adidas_vpc"
          ]
        }
      ]
    },
    {
      "mode": "managed",
      "type": "aws_vpc",
      "name": "adidas_vpc",
      "provider": "provider[\"registry.terraform.io/hashicorp/aws\"]",
      "instances": [
        {
          "schema_version": 1,
          "attributes": {
            "arn": "arn:aws:ec2:ap-southeast-1:677276121580:vpc/vpc-097baa390882730c8",
            "assign_generated_ipv6_cidr_block": false,
            "cidr_block": "10.0.0.0/16",
            "default_network_acl_id": "acl-0c1a9bac580fad785",
            "default_route_table_id": "rtb-02649d00758c4beff",
            "default_security_group_id": "sg-08395e45151951d78",
            "dhcp_options_id": "dopt-063704c3e8855c37a",
            "enable_classiclink": false,
            "enable_classiclink_dns_support": false,
            "enable_dns_hostnames": false,
            "enable_dns_support": true,
            "id": "vpc-097baa390882730c8",
            "instance_tenancy": "default",
            "ipv4_ipam_pool_id": null,
            "ipv4_netmask_length": null,
            "ipv6_association_id": "",
            "ipv6_cidr_block": "",
            "ipv6_cidr_block_network_border_group": "",
            "ipv6_ipam_pool_id": "",
            "ipv6_netmask_length": 0,
            "main_route_table_id": "rtb-02649d00758c4beff",
            "owner_id": "677276121580",
            "tags": {
              "Name": "adidas-vpc"
            },
            "tags_all": {
              "Name": "adidas-vpc"
            }
          },
          "sensitive_attributes": [],
          "identity_schema_version": 0,
          "private": "eyJzY2hlbWFfdmVyc2lvbiI6IjEifQ=="
        }
      ]
    },
    {
      "mode": "managed",
      "type": "local_file",
      "name": "private_key_pem",
      "provider": "provider[\"registry.terraform.io/hashicorp/local\"]",
      "instances": [
        {
          "schema_version": 0,
          "attributes": {
            "content": "-----BEGIN RSA PRIVATE KEY-----\nMIIJJwIBAAKCAgEA26qsp/qXcqe7ILGp4PkGUYFNCkrFNGRaBVrT3KOtWTjJC3zh\n+8e+i9fbz+Ce32S22ApJgIitYFdRsgpT7q96hqusWSJEL94qL28+ypNxvCODLh6J\nRbjv3k0IwYK+ri/Yt0wSdKakfV/orcqka69UA3CI+fD46WkbYqORXRF5pLLcVX+j\nhPXWoC8dfqSsyVDyAS5tEcFABuDy8PK4zzHUjEbGFlRZmXyfW2Y7pTiA8tbfB6gp\nYvfYR97B4kxnN7Y04kPHkUPXjh0amoGpy+el8UrrW7wbxoc85z+x0IBblp1M6JOX\n1rO4juqEKP+WyivSRWWGQIfKx+BhShLD8Wnwhx6haihy5t63bdozJVQUXEn35mW6\nA80La+Yv92/8vQDLk9V91dFexPVEajSXwf+ZdAPEDlq9vHPIH9jYWyxRvByCgyYV\nY2yO7rr/Kaw3/naVIJygiCsTTtWcftvmNpmRAw1qmsqLFrvsEOAZ72HvxKHrJX32\nhwcQdYSFh6PKadPII/VTJrE5Hvh0ISnTix2lL54rAi0ABkpN9IUmLunfVmEKPJM7\nP2m18ICVQyAlMW/taax82uTxIFHplND5DdjTzuwWpT9njUg++dV9j6oH8GP1pcqv\neBCMEDW8NjBzILQJbNJOUpFwItf6/yq6L7h3r6SmpZwwSkU2+pPW7SEZ3T8CAwEA\nAQKCAgAOpAF98KXHboZ6V10LMY3KQOPxm6opI8ccNEGKox4apD5CFcC6F0YL7Acq\ng74TBZNqMsVTW8iycx9uzmFptyhjcW27Qx1oU1Zccv2sYsdh0rwbhs1/aCQUnO3I\nd/5dfbLkBJ32SGUONiY77xWmV7kxwX5fqj/szqSUnnJB0bhZ0dH9oNQ1OG1ln75H\ngpJBmLOIgJ+kX0z1KGkIxiSrKpcQAmeRdW3DXRsB7H5tNKbjiI604/BeOEaiA6bI\nfm8it3Iu4nWaqPrk7euoAJxgir/0pRmqs47mXH0irIwdaXCxSSqnFa85ECFs5RSJ\n5v8V2nXZSjr4chSB3eKeHUISBQ2S1DdBecJ0ZIg19O3hIs7I4xCuX+l0+BZzXQZh\nFoyd1ghc+PytnEwQ0ClEQh4o856EpOBWJkYg9sl4MmUYcYuIwxSlCgCNxiRITWfB\npVZ/cMBu/18giotD8BnsEdZRW06I53f9Qoj1moN1n3w6uMNCI8028gM/lqm9C1ax\n/ZeQdwBQySFD1viWUmE+W+93AFYHntDfFUUcGY/ksrG/AdC/sYTjx53N7p7tJWis\nQdit81u2h0YplF18sGlsl1PTQUHaHXkyOfIhPeJfcJP56tYqLA14cVtzNVTYO6N4\nGa/B0IEctHgOAbyUyPPtm8tqqxUWsifTXuIhydKp5pQczvgPAQKCAQEA/n6z4V20\no5a4P+aZP/WbN80ypsNdC3kizQI00ErJZu2DROhvYNBL6Ca7YlaMdabVS4w6K8JL\nqhiMO1k1pISVp7Po50CLHFLWe5WpJoxCIhXSfjY3fhs12gUz4ChdJc0SYCW5IWiY\ndjd28FA1dCPOB5+ifqroDwn2muYbUsu9htNIdoWppl5jx6wxjjB7BIPUZmkCNxt2\nGajxk67w0tkXPOti4Hjmb6Fy6bQpDC3o6PR7gs3vLDRUCtX+rGu6W8rjeB3wRGYa\n/8tArnvOa3hPFDBFlzZ9/uabgPEMpYE+bZJ215USrMp5Fl/GDKt6+BK7661Qo4yo\nnO9sSxFtr4z9JwKCAQEA3Pc+MFjSLFK7ZY+1TGN18bknDUYSgSL2X+AKEjuKa44u\nfjN9W1wBPjmORXQirhTU6LAmUPVj1yPqIO/6AXkWmJe9BU1bM/t7jE1tAAk6f6Pk\nKrc2ykjUzNR4Pi4wkNdiulhL8enApcKoxIs86xoX8nq0vf6iI41PuoRisBVK3GId\nhT8hmZk/tI6w8gkabMMd+z7XRzrBB56Mo0GxOMwE3nW/pYnCNkdgRASjTsDoLGJQ\ncwUkTlwmbDo1gzz/u5A5UvT5QCRsp+N4RrB+vDZAmHdH44mWn7WKPuRDBzPJ4QS4\nsy1iA+jMIL545jPWIP6ipz5mZRfe2MfOciXiqYdeKQKCAQA0jTtd1TjA8xWW9Go+\n39uueSv1bbAf92KtTMBVJqxSGceaihi9uCWEicL1+oNEpC+1Sv6UHKn9NNZ4RuKh\n11MD702vuw8+yQhLOstUD3B0k2cE8vMgkkPbgmmE5zDc5mzd98wzzuJ0vt1LoHR5\nSA96WYd3epkyyc7ni46m2TWIysZS2yT+Gs2l5LPS9cXhV8ubXiG7+Wq4v78qzNwj\n3fpDdSPU0IJdGMye37n+LtjCigGbMCUsTp3wIuJU/mXcIJg6LIx5w0/d9D2mCiDE\n5nIF7DXilLkN0tbXmG8RGhAnFjB+MeVKUwEQErTV1u8snMm7T+2v6BLFXVdSZQXu\nU0HPAoIBAC58COYs2VIfuXKdL9u5FMfcVp3RPvVRwJjczeGWCwGjcJ52AIomqdBI\nVWjBDMaodT3aSMVBSlapJIj3UxXaPmmtikNCScx+vDgA1cxrJJZTiR1/W5Rki/fn\nPsB+AROHbCqdhqSGs1NrxwtJ62/eFmmZbMqHdd6azMoFLamzYQNJ1MICTPQ+LAu0\n9P6F8bwts/H1/13pu0/6B8YUfM7hBKk0BjQx7dxzWYoVm7FmnbEwoZIA4+lkM2UT\nPcy1GWuA5L5R8NmQkBcloFjmqlK36xDoDwSMHlbM3x9p77vlJjQjRSPUiUkfQUom\nJ9Lt1r8sMlWSqAHearAaIJEc7TkS1DkCggEAN9UMIqJZjWtzsiOoaoiN9LFKohiU\nANsRrdZDbNomD/GvzsdBXLpEvsBgP/VrU3BgOteQtzVoPlGY14Smqp6uNfgSQoZk\n+iZjaE2OasUlWrHmJ1MWXWVjwPBzos2kPZDzI2ElM/ipeXQ2u0FT4H2OIR3Xfs22\neAbZf42w6wfl1/6jQ/3oFMb5k8ohywwYTgMNiZ+U/ivoiJ5u4UIEey895fp2ygdB\nhHKdFAnt6o59qq2rKA3rhy/67/KZ6DPbXYAYcPDxfAIffq4l01txgx6RyunfGxoF\njOd74QjhZcKMm4WnOGtwwZyQIxy/uxKrkr+1XAPmFAE6SLwgP44/PzsnhA==\n-----END RSA PRIVATE KEY-----\n",
            "content_base64": null,
            "content_base64sha256": "acJT2vXHUhLSdQTh/glHXcR/DQW+jZSRPcBETxVbwl8=",
            "content_base64sha512": "VFAlHZJ66ouheKQeO7X48G16uppG/CabCpPzNn6yMueWOH4sWb7pByr2TNNNko9tiVeupcbO70VpIo/F7CtLhQ==",
            "content_md5": "d51d196f46b8010b1662f2d686818a11",
            "content_sha1": "ef459cb49a6f95767bea69a78cf43d433fcf4ff7",
            "content_sha256": "69c253daf5c75212d27504e1fe09475dc47f0d05be8d94913dc0444f155bc25f",
            "content_sha512": "5450251d927aea8ba178a41e3bb5f8f06d7aba9a46fc269b0a93f3367eb232e796387e2c59bee9072af64cd34d928f6d8957aea5c6ceef4569228fc5ec2b4b85",
            "directory_permission": "0777",
            "file_permission": "0400",
            "filename": "./adidas-key.pem",
            "id": "ef459cb49a6f95767bea69a78cf43d433fcf4ff7",
            "sensitive_content": null,
            "source": null
          },
          "sensitive_attributes": [
            [
              {
                "type": "get_attr",
                "value": "content"
              }
            ],
            [
              {
                "type": "get_attr",
                "value": "sensitive_content"
              }
            ]
          ],
          "identity_schema_version": 0,
          "dependencies": [
            "tls_private_key.ssh_key"
          ]
        }
      ]
    },
    {
      "mode": "managed",
      "type": "tls_private_key",
      "name": "ssh_key",
      "provider": "provider[\"registry.terraform.io/hashicorp/tls\"]",
      "instances": [
        {
          "schema_version": 1,
          "attributes": {
            "algorithm": "RSA",
            "ecdsa_curve": "P224",
            "id": "5689f564f9fe524813780f1fd73c35a085e0e1f0",
            "private_key_openssh": "-----BEGIN OPENSSH PRIVATE KEY-----\nb3BlbnNzaC1rZXktdjEAAAAABG5vbmUAAAAEbm9uZQAAAAAAAAABAAACFwAAAAdz\nc2gtcnNhAAAAAwEAAQAAAgEA26qsp/qXcqe7ILGp4PkGUYFNCkrFNGRaBVrT3KOt\nWTjJC3zh+8e+i9fbz+Ce32S22ApJgIitYFdRsgpT7q96hqusWSJEL94qL28+ypNx\nvCODLh6JRbjv3k0IwYK+ri/Yt0wSdKakfV/orcqka69UA3CI+fD46WkbYqORXRF5\npLLcVX+jhPXWoC8dfqSsyVDyAS5tEcFABuDy8PK4zzHUjEbGFlRZmXyfW2Y7pTiA\n8tbfB6gpYvfYR97B4kxnN7Y04kPHkUPXjh0amoGpy+el8UrrW7wbxoc85z+x0IBb\nlp1M6JOX1rO4juqEKP+WyivSRWWGQIfKx+BhShLD8Wnwhx6haihy5t63bdozJVQU\nXEn35mW6A80La+Yv92/8vQDLk9V91dFexPVEajSXwf+ZdAPEDlq9vHPIH9jYWyxR\nvByCgyYVY2yO7rr/Kaw3/naVIJygiCsTTtWcftvmNpmRAw1qmsqLFrvsEOAZ72Hv\nxKHrJX32hwcQdYSFh6PKadPII/VTJrE5Hvh0ISnTix2lL54rAi0ABkpN9IUmLunf\nVmEKPJM7P2m18ICVQyAlMW/taax82uTxIFHplND5DdjTzuwWpT9njUg++dV9j6oH\n8GP1pcqveBCMEDW8NjBzILQJbNJOUpFwItf6/yq6L7h3r6SmpZwwSkU2+pPW7SEZ\n3T8AAAc4houuA4aLrgMAAAAHc3NoLXJzYQAAAgEA26qsp/qXcqe7ILGp4PkGUYFN\nCkrFNGRaBVrT3KOtWTjJC3zh+8e+i9fbz+Ce32S22ApJgIitYFdRsgpT7q96hqus\nWSJEL94qL28+ypNxvCODLh6JRbjv3k0IwYK+ri/Yt0wSdKakfV/orcqka69UA3CI\n+fD46WkbYqORXRF5pLLcVX+jhPXWoC8dfqSsyVDyAS5tEcFABuDy8PK4zzHUjEbG\nFlRZmXyfW2Y7pTiA8tbfB6gpYvfYR97B4kxnN7Y04kPHkUPXjh0amoGpy+el8Urr\nW7wbxoc85z+x0IBblp1M6JOX1rO4juqEKP+WyivSRWWGQIfKx+BhShLD8Wnwhx6h\naihy5t63bdozJVQUXEn35mW6A80La+Yv92/8vQDLk9V91dFexPVEajSXwf+ZdAPE\nDlq9vHPIH9jYWyxRvByCgyYVY2yO7rr/Kaw3/naVIJygiCsTTtWcftvmNpmRAw1q\nmsqLFrvsEOAZ72HvxKHrJX32hwcQdYSFh6PKadPII/VTJrE5Hvh0ISnTix2lL54r\nAi0ABkpN9IUmLunfVmEKPJM7P2m18ICVQyAlMW/taax82uTxIFHplND5DdjTzuwW\npT9njUg++dV9j6oH8GP1pcqveBCMEDW8NjBzILQJbNJOUpFwItf6/yq6L7h3r6Sm\npZwwSkU2+pPW7SEZ3T8AAAADAQABAAACAA6kAX3wpcduhnpXXQsxjcpA4/Gbqikj\nxxw0QYqjHhqkPkIVwLoXRgvsByqDvhMFk2oyxVNbyLJzH27OYWm3KGNxbbtDHWhT\nVlxy/axix2HSvBuGzX9oJBSc7ch3/l19suQEnfZIZQ42JjvvFaZXuTHBfl+qP+zO\npJSeckHRuFnR0f2g1DU4bWWfvkeCkkGYs4iAn6RfTPUoaQjGJKsqlxACZ5F1bcNd\nGwHsfm00puOIjrTj8F44RqIDpsh+byK3ci7idZqo+uTt66gAnGCKv/SlGaqzjuZc\nfSKsjB1pcLFJKqcVrzkQIWzlFInm/xXaddlKOvhyFIHd4p4dQhIFDZLUN0F5wnRk\niDX07eEizsjjEK5f6XT4FnNdBmEWjJ3WCFz4/K2cTBDQKURCHijznoSk4FYmRiD2\nyXgyZRhxi4jDFKUKAI3GJEhNZ8GlVn9wwG7/XyCKi0PwGewR1lFbTojnd/1CiPWa\ng3WffDq4w0IjzTbyAz+Wqb0LVrH9l5B3AFDJIUPW+JZSYT5b73cAVgee0N8VRRwZ\nj+Sysb8B0L+xhOPHnc3unu0laKxB2K3zW7aHRimUXXywaWyXU9NBQdodeTI58iE9\n4l9wk/nq1iosDXhxW3M1VNg7o3gZr8HQgRy0eA4BvJTI8+2by2qrFRayJ9Ne4iHJ\n0qnmlBzO+A8BAAABADfVDCKiWY1rc7IjqGqIjfSxSqIYlADbEa3WQ2zaJg/xr87H\nQVy6RL7AYD/1a1NwYDrXkLc1aD5RmNeEpqqerjX4EkKGZPomY2hNjmrFJVqx5idT\nFl1lY8Dwc6LNpD2Q8yNhJTP4qXl0NrtBU+B9jiEd137NtngG2X+NsOsH5df+o0P9\n6BTG+ZPKIcsMGE4DDYmflP4r6IiebuFCBHsvPeX6dsoHQYRynRQJ7eqOfaqtqygN\n64cv+u/ymegz212AGHDw8XwCH36uJdNbcYMekcrp3xsaBYzne+EI4WXCjJuFpzhr\ncMGckCMcv7sSq5K/tVwD5hQBOki8ID+OPz87J4QAAAEBAP5+s+FdtKOWuD/mmT/1\nmzfNMqbDXQt5Is0CNNBKyWbtg0Tob2DQS+gmu2JWjHWm1UuMOivCS6oYjDtZNaSE\nlaez6OdAixxS1nuVqSaMQiIV0n42N34bNdoFM+AoXSXNEmAluSFomHY3dvBQNXQj\nzgefon6q6A8J9prmG1LLvYbTSHaFqaZeY8esMY4wewSD1GZpAjcbdhmo8ZOu8NLZ\nFzzrYuB45m+hcum0KQwt6Oj0e4LN7yw0VArV/qxrulvK43gd8ERmGv/LQK57zmt4\nTxQwRZc2ff7mm4DxDKWBPm2SdteVEqzKeRZfxgyrevgSu+utUKOMqJzvbEsRba+M\n/ScAAAEBANz3PjBY0ixSu2WPtUxjdfG5Jw1GEoEi9l/gChI7imuOLn4zfVtcAT45\njkV0Iq4U1OiwJlD1Y9cj6iDv+gF5FpiXvQVNWzP7e4xNbQAJOn+j5Cq3NspI1MzU\neD4uMJDXYrpYS/HpwKXCqMSLPOsaF/J6tL3+oiONT7qEYrAVStxiHYU/IZmZP7SO\nsPIJGmzDHfs+10c6wQeejKNBsTjMBN51v6WJwjZHYEQEo07A6CxiUHMFJE5cJmw6\nNYM8/7uQOVL0+UAkbKfjeEawfrw2QJh3R+OJlp+1ij7kQwczyeEEuLMtYgPozCC+\neOYz1iD+oqc+ZmUX3tjHznIl4qmHXikAAAAAAQID\n-----END OPENSSH PRIVATE KEY-----\n",
            "private_key_pem": "-----BEGIN RSA PRIVATE KEY-----\nMIIJJwIBAAKCAgEA26qsp/qXcqe7ILGp4PkGUYFNCkrFNGRaBVrT3KOtWTjJC3zh\n+8e+i9fbz+Ce32S22ApJgIitYFdRsgpT7q96hqusWSJEL94qL28+ypNxvCODLh6J\nRbjv3k0IwYK+ri/Yt0wSdKakfV/orcqka69UA3CI+fD46WkbYqORXRF5pLLcVX+j\nhPXWoC8dfqSsyVDyAS5tEcFABuDy8PK4zzHUjEbGFlRZmXyfW2Y7pTiA8tbfB6gp\nYvfYR97B4kxnN7Y04kPHkUPXjh0amoGpy+el8UrrW7wbxoc85z+x0IBblp1M6JOX\n1rO4juqEKP+WyivSRWWGQIfKx+BhShLD8Wnwhx6haihy5t63bdozJVQUXEn35mW6\nA80La+Yv92/8vQDLk9V91dFexPVEajSXwf+ZdAPEDlq9vHPIH9jYWyxRvByCgyYV\nY2yO7rr/Kaw3/naVIJygiCsTTtWcftvmNpmRAw1qmsqLFrvsEOAZ72HvxKHrJX32\nhwcQdYSFh6PKadPII/VTJrE5Hvh0ISnTix2lL54rAi0ABkpN9IUmLunfVmEKPJM7\nP2m18ICVQyAlMW/taax82uTxIFHplND5DdjTzuwWpT9njUg++dV9j6oH8GP1pcqv\neBCMEDW8NjBzILQJbNJOUpFwItf6/yq6L7h3r6SmpZwwSkU2+pPW7SEZ3T8CAwEA\nAQKCAgAOpAF98KXHboZ6V10LMY3KQOPxm6opI8ccNEGKox4apD5CFcC6F0YL7Acq\ng74TBZNqMsVTW8iycx9uzmFptyhjcW27Qx1oU1Zccv2sYsdh0rwbhs1/aCQUnO3I\nd/5dfbLkBJ32SGUONiY77xWmV7kxwX5fqj/szqSUnnJB0bhZ0dH9oNQ1OG1ln75H\ngpJBmLOIgJ+kX0z1KGkIxiSrKpcQAmeRdW3DXRsB7H5tNKbjiI604/BeOEaiA6bI\nfm8it3Iu4nWaqPrk7euoAJxgir/0pRmqs47mXH0irIwdaXCxSSqnFa85ECFs5RSJ\n5v8V2nXZSjr4chSB3eKeHUISBQ2S1DdBecJ0ZIg19O3hIs7I4xCuX+l0+BZzXQZh\nFoyd1ghc+PytnEwQ0ClEQh4o856EpOBWJkYg9sl4MmUYcYuIwxSlCgCNxiRITWfB\npVZ/cMBu/18giotD8BnsEdZRW06I53f9Qoj1moN1n3w6uMNCI8028gM/lqm9C1ax\n/ZeQdwBQySFD1viWUmE+W+93AFYHntDfFUUcGY/ksrG/AdC/sYTjx53N7p7tJWis\nQdit81u2h0YplF18sGlsl1PTQUHaHXkyOfIhPeJfcJP56tYqLA14cVtzNVTYO6N4\nGa/B0IEctHgOAbyUyPPtm8tqqxUWsifTXuIhydKp5pQczvgPAQKCAQEA/n6z4V20\no5a4P+aZP/WbN80ypsNdC3kizQI00ErJZu2DROhvYNBL6Ca7YlaMdabVS4w6K8JL\nqhiMO1k1pISVp7Po50CLHFLWe5WpJoxCIhXSfjY3fhs12gUz4ChdJc0SYCW5IWiY\ndjd28FA1dCPOB5+ifqroDwn2muYbUsu9htNIdoWppl5jx6wxjjB7BIPUZmkCNxt2\nGajxk67w0tkXPOti4Hjmb6Fy6bQpDC3o6PR7gs3vLDRUCtX+rGu6W8rjeB3wRGYa\n/8tArnvOa3hPFDBFlzZ9/uabgPEMpYE+bZJ215USrMp5Fl/GDKt6+BK7661Qo4yo\nnO9sSxFtr4z9JwKCAQEA3Pc+MFjSLFK7ZY+1TGN18bknDUYSgSL2X+AKEjuKa44u\nfjN9W1wBPjmORXQirhTU6LAmUPVj1yPqIO/6AXkWmJe9BU1bM/t7jE1tAAk6f6Pk\nKrc2ykjUzNR4Pi4wkNdiulhL8enApcKoxIs86xoX8nq0vf6iI41PuoRisBVK3GId\nhT8hmZk/tI6w8gkabMMd+z7XRzrBB56Mo0GxOMwE3nW/pYnCNkdgRASjTsDoLGJQ\ncwUkTlwmbDo1gzz/u5A5UvT5QCRsp+N4RrB+vDZAmHdH44mWn7WKPuRDBzPJ4QS4\nsy1iA+jMIL545jPWIP6ipz5mZRfe2MfOciXiqYdeKQKCAQA0jTtd1TjA8xWW9Go+\n39uueSv1bbAf92KtTMBVJqxSGceaihi9uCWEicL1+oNEpC+1Sv6UHKn9NNZ4RuKh\n11MD702vuw8+yQhLOstUD3B0k2cE8vMgkkPbgmmE5zDc5mzd98wzzuJ0vt1LoHR5\nSA96WYd3epkyyc7ni46m2TWIysZS2yT+Gs2l5LPS9cXhV8ubXiG7+Wq4v78qzNwj\n3fpDdSPU0IJdGMye37n+LtjCigGbMCUsTp3wIuJU/mXcIJg6LIx5w0/d9D2mCiDE\n5nIF7DXilLkN0tbXmG8RGhAnFjB+MeVKUwEQErTV1u8snMm7T+2v6BLFXVdSZQXu\nU0HPAoIBAC58COYs2VIfuXKdL9u5FMfcVp3RPvVRwJjczeGWCwGjcJ52AIomqdBI\nVWjBDMaodT3aSMVBSlapJIj3UxXaPmmtikNCScx+vDgA1cxrJJZTiR1/W5Rki/fn\nPsB+AROHbCqdhqSGs1NrxwtJ62/eFmmZbMqHdd6azMoFLamzYQNJ1MICTPQ+LAu0\n9P6F8bwts/H1/13pu0/6B8YUfM7hBKk0BjQx7dxzWYoVm7FmnbEwoZIA4+lkM2UT\nPcy1GWuA5L5R8NmQkBcloFjmqlK36xDoDwSMHlbM3x9p77vlJjQjRSPUiUkfQUom\nJ9Lt1r8sMlWSqAHearAaIJEc7TkS1DkCggEAN9UMIqJZjWtzsiOoaoiN9LFKohiU\nANsRrdZDbNomD/GvzsdBXLpEvsBgP/VrU3BgOteQtzVoPlGY14Smqp6uNfgSQoZk\n+iZjaE2OasUlWrHmJ1MWXWVjwPBzos2kPZDzI2ElM/ipeXQ2u0FT4H2OIR3Xfs22\neAbZf42w6wfl1/6jQ/3oFMb5k8ohywwYTgMNiZ+U/ivoiJ5u4UIEey895fp2ygdB\nhHKdFAnt6o59qq2rKA3rhy/67/KZ6DPbXYAYcPDxfAIffq4l01txgx6RyunfGxoF\njOd74QjhZcKMm4WnOGtwwZyQIxy/uxKrkr+1XAPmFAE6SLwgP44/PzsnhA==\n-----END RSA PRIVATE KEY-----\n",
            "private_key_pem_pkcs8": "-----BEGIN PRIVATE KEY-----\nMIIJQQIBADANBgkqhkiG9w0BAQEFAASCCSswggknAgEAAoICAQDbqqyn+pdyp7sg\nsang+QZRgU0KSsU0ZFoFWtPco61ZOMkLfOH7x76L19vP4J7fZLbYCkmAiK1gV1Gy\nClPur3qGq6xZIkQv3iovbz7Kk3G8I4MuHolFuO/eTQjBgr6uL9i3TBJ0pqR9X+it\nyqRrr1QDcIj58PjpaRtio5FdEXmkstxVf6OE9dagLx1+pKzJUPIBLm0RwUAG4PLw\n8rjPMdSMRsYWVFmZfJ9bZjulOIDy1t8HqCli99hH3sHiTGc3tjTiQ8eRQ9eOHRqa\nganL56XxSutbvBvGhzznP7HQgFuWnUzok5fWs7iO6oQo/5bKK9JFZYZAh8rH4GFK\nEsPxafCHHqFqKHLm3rdt2jMlVBRcSffmZboDzQtr5i/3b/y9AMuT1X3V0V7E9URq\nNJfB/5l0A8QOWr28c8gf2NhbLFG8HIKDJhVjbI7uuv8prDf+dpUgnKCIKxNO1Zx+\n2+Y2mZEDDWqayosWu+wQ4BnvYe/EoeslffaHBxB1hIWHo8pp08gj9VMmsTke+HQh\nKdOLHaUvnisCLQAGSk30hSYu6d9WYQo8kzs/abXwgJVDICUxb+1prHza5PEgUemU\n0PkN2NPO7BalP2eNSD751X2PqgfwY/Wlyq94EIwQNbw2MHMgtAls0k5SkXAi1/r/\nKrovuHevpKalnDBKRTb6k9btIRndPwIDAQABAoICAA6kAX3wpcduhnpXXQsxjcpA\n4/Gbqikjxxw0QYqjHhqkPkIVwLoXRgvsByqDvhMFk2oyxVNbyLJzH27OYWm3KGNx\nbbtDHWhTVlxy/axix2HSvBuGzX9oJBSc7ch3/l19suQEnfZIZQ42JjvvFaZXuTHB\nfl+qP+zOpJSeckHRuFnR0f2g1DU4bWWfvkeCkkGYs4iAn6RfTPUoaQjGJKsqlxAC\nZ5F1bcNdGwHsfm00puOIjrTj8F44RqIDpsh+byK3ci7idZqo+uTt66gAnGCKv/Sl\nGaqzjuZcfSKsjB1pcLFJKqcVrzkQIWzlFInm/xXaddlKOvhyFIHd4p4dQhIFDZLU\nN0F5wnRkiDX07eEizsjjEK5f6XT4FnNdBmEWjJ3WCFz4/K2cTBDQKURCHijznoSk\n4FYmRiD2yXgyZRhxi4jDFKUKAI3GJEhNZ8GlVn9wwG7/XyCKi0PwGewR1lFbTojn\nd/1CiPWag3WffDq4w0IjzTbyAz+Wqb0LVrH9l5B3AFDJIUPW+JZSYT5b73cAVgee\n0N8VRRwZj+Sysb8B0L+xhOPHnc3unu0laKxB2K3zW7aHRimUXXywaWyXU9NBQdod\neTI58iE94l9wk/nq1iosDXhxW3M1VNg7o3gZr8HQgRy0eA4BvJTI8+2by2qrFRay\nJ9Ne4iHJ0qnmlBzO+A8BAoIBAQD+frPhXbSjlrg/5pk/9Zs3zTKmw10LeSLNAjTQ\nSslm7YNE6G9g0EvoJrtiVox1ptVLjDorwkuqGIw7WTWkhJWns+jnQIscUtZ7lakm\njEIiFdJ+Njd+GzXaBTPgKF0lzRJgJbkhaJh2N3bwUDV0I84Hn6J+qugPCfaa5htS\ny72G00h2hammXmPHrDGOMHsEg9RmaQI3G3YZqPGTrvDS2Rc862LgeOZvoXLptCkM\nLejo9HuCze8sNFQK1f6sa7pbyuN4HfBEZhr/y0Cue85reE8UMEWXNn3+5puA8Qyl\ngT5tknbXlRKsynkWX8YMq3r4ErvrrVCjjKic72xLEW2vjP0nAoIBAQDc9z4wWNIs\nUrtlj7VMY3XxuScNRhKBIvZf4AoSO4prji5+M31bXAE+OY5FdCKuFNTosCZQ9WPX\nI+og7/oBeRaYl70FTVsz+3uMTW0ACTp/o+QqtzbKSNTM1Hg+LjCQ12K6WEvx6cCl\nwqjEizzrGhfyerS9/qIjjU+6hGKwFUrcYh2FPyGZmT+0jrDyCRpswx37PtdHOsEH\nnoyjQbE4zATedb+licI2R2BEBKNOwOgsYlBzBSROXCZsOjWDPP+7kDlS9PlAJGyn\n43hGsH68NkCYd0fjiZaftYo+5EMHM8nhBLizLWID6MwgvnjmM9Yg/qKnPmZlF97Y\nx85yJeKph14pAoIBADSNO13VOMDzFZb0aj7f2655K/VtsB/3Yq1MwFUmrFIZx5qK\nGL24JYSJwvX6g0SkL7VK/pQcqf001nhG4qHXUwPvTa+7Dz7JCEs6y1QPcHSTZwTy\n8yCSQ9uCaYTnMNzmbN33zDPO4nS+3UugdHlID3pZh3d6mTLJzueLjqbZNYjKxlLb\nJP4azaXks9L1xeFXy5teIbv5ari/vyrM3CPd+kN1I9TQgl0YzJ7fuf4u2MKKAZsw\nJSxOnfAi4lT+ZdwgmDosjHnDT930PaYKIMTmcgXsNeKUuQ3S1teYbxEaECcWMH4x\n5UpTARAStNXW7yycybtP7a/oEsVdV1JlBe5TQc8CggEALnwI5izZUh+5cp0v27kU\nx9xWndE+9VHAmNzN4ZYLAaNwnnYAiiap0EhVaMEMxqh1PdpIxUFKVqkkiPdTFdo+\naa2KQ0JJzH68OADVzGskllOJHX9blGSL9+c+wH4BE4dsKp2GpIazU2vHC0nrb94W\naZlsyod13prMygUtqbNhA0nUwgJM9D4sC7T0/oXxvC2z8fX/Xem7T/oHxhR8zuEE\nqTQGNDHt3HNZihWbsWadsTChkgDj6WQzZRM9zLUZa4DkvlHw2ZCQFyWgWOaqUrfr\nEOgPBIweVszfH2nvu+UmNCNFI9SJSR9BSiYn0u3WvywyVZKoAd5qsBogkRztORLU\nOQKCAQA31QwiolmNa3OyI6hqiI30sUqiGJQA2xGt1kNs2iYP8a/Ox0FcukS+wGA/\n9WtTcGA615C3NWg+UZjXhKaqnq41+BJChmT6JmNoTY5qxSVaseYnUxZdZWPA8HOi\nzaQ9kPMjYSUz+Kl5dDa7QVPgfY4hHdd+zbZ4Btl/jbDrB+XX/qND/egUxvmTyiHL\nDBhOAw2Jn5T+K+iInm7hQgR7Lz3l+nbKB0GEcp0UCe3qjn2qrasoDeuHL/rv8pno\nM9tdgBhw8PF8Ah9+riXTW3GDHpHK6d8bGgWM53vhCOFlwoybhac4a3DBnJAjHL+7\nEquSv7VcA+YUATpIvCA/jj8/OyeE\n-----END PRIVATE KEY-----\n",
            "public_key_fingerprint_md5": "a6:51:3a:a4:06:10:e9:33:65:c5:98:f7:09:6e:70:59",
            "public_key_fingerprint_sha256": "SHA256:B7fTiqH4zcNH7EciJjQsJZtAlwzp4J2aWnWCC2bx0iU",
            "public_key_openssh": "ssh-rsa AAAAB3NzaC1yc2EAAAADAQABAAACAQDbqqyn+pdyp7sgsang+QZRgU0KSsU0ZFoFWtPco61ZOMkLfOH7x76L19vP4J7fZLbYCkmAiK1gV1GyClPur3qGq6xZIkQv3iovbz7Kk3G8I4MuHolFuO/eTQjBgr6uL9i3TBJ0pqR9X+ityqRrr1QDcIj58PjpaRtio5FdEXmkstxVf6OE9dagLx1+pKzJUPIBLm0RwUAG4PLw8rjPMdSMRsYWVFmZfJ9bZjulOIDy1t8HqCli99hH3sHiTGc3tjTiQ8eRQ9eOHRqaganL56XxSutbvBvGhzznP7HQgFuWnUzok5fWs7iO6oQo/5bKK9JFZYZAh8rH4GFKEsPxafCHHqFqKHLm3rdt2jMlVBRcSffmZboDzQtr5i/3b/y9AMuT1X3V0V7E9URqNJfB/5l0A8QOWr28c8gf2NhbLFG8HIKDJhVjbI7uuv8prDf+dpUgnKCIKxNO1Zx+2+Y2mZEDDWqayosWu+wQ4BnvYe/EoeslffaHBxB1hIWHo8pp08gj9VMmsTke+HQhKdOLHaUvnisCLQAGSk30hSYu6d9WYQo8kzs/abXwgJVDICUxb+1prHza5PEgUemU0PkN2NPO7BalP2eNSD751X2PqgfwY/Wlyq94EIwQNbw2MHMgtAls0k5SkXAi1/r/KrovuHevpKalnDBKRTb6k9btIRndPw==\n",
            "public_key_pem": "-----BEGIN PUBLIC KEY-----\nMIICIjANBgkqhkiG9w0BAQEFAAOCAg8AMIICCgKCAgEA26qsp/qXcqe7ILGp4PkG\nUYFNCkrFNGRaBVrT3KOtWTjJC3zh+8e+i9fbz+Ce32S22ApJgIitYFdRsgpT7q96\nhqusWSJEL94qL28+ypNxvCODLh6JRbjv3k0IwYK+ri/Yt0wSdKakfV/orcqka69U\nA3CI+fD46WkbYqORXRF5pLLcVX+jhPXWoC8dfqSsyVDyAS5tEcFABuDy8PK4zzHU\njEbGFlRZmXyfW2Y7pTiA8tbfB6gpYvfYR97B4kxnN7Y04kPHkUPXjh0amoGpy+el\n8UrrW7wbxoc85z+x0IBblp1M6JOX1rO4juqEKP+WyivSRWWGQIfKx+BhShLD8Wnw\nhx6haihy5t63bdozJVQUXEn35mW6A80La+Yv92/8vQDLk9V91dFexPVEajSXwf+Z\ndAPEDlq9vHPIH9jYWyxRvByCgyYVY2yO7rr/Kaw3/naVIJygiCsTTtWcftvmNpmR\nAw1qmsqLFrvsEOAZ72HvxKHrJX32hwcQdYSFh6PKadPII/VTJrE5Hvh0ISnTix2l\nL54rAi0ABkpN9IUmLunfVmEKPJM7P2m18ICVQyAlMW/taax82uTxIFHplND5DdjT\nzuwWpT9njUg++dV9j6oH8GP1pcqveBCMEDW8NjBzILQJbNJOUpFwItf6/yq6L7h3\nr6SmpZwwSkU2+pPW7SEZ3T8CAwEAAQ==\n-----END PUBLIC KEY-----\n",
            "rsa_bits": 4096
          },
          "sensitive_attributes": [
            [
              {
                "type": "get_attr",
                "value": "private_key_openssh"
              }
            ],
            [
              {
                "type": "get_attr",
                "value": "private_key_pem"
              }
            ],
            [
              {
                "type": "get_attr",
                "value": "private_key_pem_pkcs8"
              }
            ]
          ],
          "identity_schema_version": 0
        }
      ]
    }
  ],
  "check_results": null
}
